// !$*UTF8*$!
{
	archiveVersion = 1;
	classes = {
	};
	objectVersion = 46;
	objects = {

/* Begin PBXBuildFile section */
		6C82EFDE1CEE78F900C51935 /* AppDelegate.swift in Sources */ = {isa = PBXBuildFile; fileRef = 6C82EFDD1CEE78F900C51935 /* AppDelegate.swift */; };
		6C82EFE01CEE78F900C51935 /* ViewController.swift in Sources */ = {isa = PBXBuildFile; fileRef = 6C82EFDF1CEE78F900C51935 /* ViewController.swift */; };
		6C82EFE31CEE78F900C51935 /* Main.storyboard in Resources */ = {isa = PBXBuildFile; fileRef = 6C82EFE11CEE78F900C51935 /* Main.storyboard */; };
		6C82EFE51CEE78F900C51935 /* Assets.xcassets in Resources */ = {isa = PBXBuildFile; fileRef = 6C82EFE41CEE78F900C51935 /* Assets.xcassets */; };
		6C82EFE81CEE78F900C51935 /* LaunchScreen.storyboard in Resources */ = {isa = PBXBuildFile; fileRef = 6C82EFE61CEE78F900C51935 /* LaunchScreen.storyboard */; };
		6CAF87571CEE7D14009D9A1B /* Animal.swift in Sources */ = {isa = PBXBuildFile; fileRef = 6CAF87561CEE7D14009D9A1B /* Animal.swift */; };
		6CAF875B1CEE7EC1009D9A1B /* ContentViewController.swift in Sources */ = {isa = PBXBuildFile; fileRef = 6CAF875A1CEE7EC1009D9A1B /* ContentViewController.swift */; };
/* End PBXBuildFile section */

/* Begin PBXFileReference section */
		6C82EFDA1CEE78F900C51935 /* PageViewContoller.app */ = {isa = PBXFileReference; explicitFileType = wrapper.application; includeInIndex = 0; path = PageViewContoller.app; sourceTree = BUILT_PRODUCTS_DIR; };
		6C82EFDD1CEE78F900C51935 /* AppDelegate.swift */ = {isa = PBXFileReference; lastKnownFileType = sourcecode.swift; path = AppDelegate.swift; sourceTree = "<group>"; };
		6C82EFDF1CEE78F900C51935 /* ViewController.swift */ = {isa = PBXFileReference; lastKnownFileType = sourcecode.swift; path = ViewController.swift; sourceTree = "<group>"; };
		6C82EFE21CEE78F900C51935 /* Base */ = {isa = PBXFileReference; lastKnownFileType = file.storyboard; name = Base; path = Base.lproj/Main.storyboard; sourceTree = "<group>"; };
		6C82EFE41CEE78F900C51935 /* Assets.xcassets */ = {isa = PBXFileReference; lastKnownFileType = folder.assetcatalog; path = Assets.xcassets; sourceTree = "<group>"; };
		6C82EFE71CEE78F900C51935 /* Base */ = {isa = PBXFileReference; lastKnownFileType = file.storyboard; name = Base; path = Base.lproj/LaunchScreen.storyboard; sourceTree = "<group>"; };
		6C82EFE91CEE78F900C51935 /* Info.plist */ = {isa = PBXFileReference; lastKnownFileType = text.plist.xml; path = Info.plist; sourceTree = "<group>"; };
		6CAF87561CEE7D14009D9A1B /* Animal.swift */ = {isa = PBXFileReference; fileEncoding = 4; lastKnownFileType = sourcecode.swift; path = Animal.swift; sourceTree = "<group>"; };
		6CAF875A1CEE7EC1009D9A1B /* ContentViewController.swift */ = {isa = PBXFileReference; fileEncoding = 4; lastKnownFileType = sourcecode.swift; path = ContentViewController.swift; sourceTree = "<group>"; };
/* End PBXFileReference section */

/* Begin PBXFrameworksBuildPhase section */
		6C82EFD71CEE78F900C51935 /* Frameworks */ = {
			isa = PBXFrameworksBuildPhase;
			buildActionMask = 2147483647;
			files = (
			);
			runOnlyForDeploymentPostprocessing = 0;
		};
/* End PBXFrameworksBuildPhase section */

/* Begin PBXGroup section */
		6C82EFD11CEE78F900C51935 = {
			isa = PBXGroup;
			children = (
				6C82EFDC1CEE78F900C51935 /* PageViewContoller */,
				6C82EFDB1CEE78F900C51935 /* Products */,
			);
			sourceTree = "<group>";
		};
		6C82EFDB1CEE78F900C51935 /* Products */ = {
			isa = PBXGroup;
			children = (
				6C82EFDA1CEE78F900C51935 /* PageViewContoller.app */,
			);
			name = Products;
			sourceTree = "<group>";
		};
		6C82EFDC1CEE78F900C51935 /* PageViewContoller */ = {
			isa = PBXGroup;
			children = (
				6CAF875A1CEE7EC1009D9A1B /* ContentViewController.swift */,
				6C82EFDD1CEE78F900C51935 /* AppDelegate.swift */,
				6C82EFDF1CEE78F900C51935 /* ViewController.swift */,
				6CAF87561CEE7D14009D9A1B /* Animal.swift */,
				6C82EFE11CEE78F900C51935 /* Main.storyboard */,
				6C82EFE41CEE78F900C51935 /* Assets.xcassets */,
				6C82EFE61CEE78F900C51935 /* LaunchScreen.storyboard */,
				6C82EFE91CEE78F900C51935 /* Info.plist */,
			);
			path = PageViewContoller;
			sourceTree = "<group>";
		};
/* End PBXGroup section */

/* Begin PBXNativeTarget section */
		6C82EFD91CEE78F900C51935 /* PageViewContoller */ = {
			isa = PBXNativeTarget;
			buildConfigurationList = 6C82EFEC1CEE78F900C51935 /* Build configuration list for PBXNativeTarget "PageViewContoller" */;
			buildPhases = (
				6C82EFD61CEE78F900C51935 /* Sources */,
				6C82EFD71CEE78F900C51935 /* Frameworks */,
				6C82EFD81CEE78F900C51935 /* Resources */,
			);
			buildRules = (
			);
			dependencies = (
			);
			name = PageViewContoller;
			productName = PageViewContoller;
			productReference = 6C82EFDA1CEE78F900C51935 /* PageViewContoller.app */;
			productType = "com.apple.product-type.application";
		};
/* End PBXNativeTarget section */

/* Begin PBXProject section */
		6C82EFD21CEE78F900C51935 /* Project object */ = {
			isa = PBXProject;
			attributes = {
				LastSwiftUpdateCheck = 0730;
				LastUpgradeCheck = 0730;
				ORGANIZATIONNAME = "i am awesome";
				TargetAttributes = {
					6C82EFD91CEE78F900C51935 = {
						CreatedOnToolsVersion = 7.3.1;
					};
				};
			};
			buildConfigurationList = 6C82EFD51CEE78F900C51935 /* Build configuration list for PBXProject "PageViewContoller" */;
			compatibilityVersion = "Xcode 3.2";
			developmentRegion = English;
			hasScannedForEncodings = 0;
			knownRegions = (
				en,
				Base,
			);
			mainGroup = 6C82EFD11CEE78F900C51935;
			productRefGroup = 6C82EFDB1CEE78F900C51935 /* Products */;
			projectDirPath = "";
			projectRoot = "";
			targets = (
				6C82EFD91CEE78F900C51935 /* PageViewContoller */,
			);
		};
/* End PBXProject section */

/* Begin PBXResourcesBuildPhase section */
		6C82EFD81CEE78F900C51935 /* Resources */ = {
			isa = PBXResourcesBuildPhase;
			buildActionMask = 2147483647;
			files = (
				6C82EFE81CEE78F900C51935 /* LaunchScreen.storyboard in Resources */,
				6C82EFE51CEE78F900C51935 /* Assets.xcassets in Resources */,
				6C82EFE31CEE78F900C51935 /* Main.storyboard in Resources */,
			);
			runOnlyForDeploymentPostprocessing = 0;
		};
/* End PBXResourcesBuildPhase section */

/* Begin PBXSourcesBuildPhase section */
		6C82EFD61CEE78F900C51935 /* Sources */ = {
			isa = PBXSourcesBuildPhase;
			buildActionMask = 2147483647;
			files = (
				6CAF875B1CEE7EC1009D9A1B /* ContentViewController.swift in Sources */,
				6C82EFE01CEE78F900C51935 /* ViewController.swift in Sources */,
				6C82EFDE1CEE78F900C51935 /* AppDelegate.swift in Sources */,
				6CAF87571CEE7D14009D9A1B /* Animal.swift in Sources */,
			);
			runOnlyForDeploymentPostprocessing = 0;
		};
/* End PBXSourcesBuildPhase section */

/* Begin PBXVariantGroup section */
		6C82EFE11CEE78F900C51935 /* Main.storyboard */ = {
			isa = PBXVariantGroup;
			children = (
				6C82EFE21CEE78F900C51935 /* Base */,
			);
			name = Main.storyboard;
			sourceTree = "<group>";
		};
		6C82EFE61CEE78F900C51935 /* LaunchScreen.storyboard */ = {
			isa = PBXVariantGroup;
			children = (
				6C82EFE71CEE78F900C51935 /* Base */,
			);
			name = LaunchScreen.storyboard;
			sourceTree = "<group>";
		};
/* End PBXVariantGroup section */

/* Begin XCBuildConfiguration section */
		6C82EFEA1CEE78F900C51935 /* Debug */ = {
			isa = XCBuildConfiguration;
			buildSettings = {
				ALWAYS_SEARCH_USER_PATHS = NO;
				CLANG_ANALYZER_NONNULL = YES;
				CLANG_CXX_LANGUAGE_STANDARD = "gnu++0x";
				CLANG_CXX_LIBRARY = "libc++";
				CLANG_ENABLE_MODULES = YES;
				CLANG_ENABLE_OBJC_ARC = YES;
				CLANG_WARN_BOOL_CONVERSION = YES;
				CLANG_WARN_CONSTANT_CONVERSION = YES;
				CLANG_WARN_DIRECT_OBJC_ISA_USAGE = YES_ERROR;
				CLANG_WARN_EMPTY_BODY = YES;
				CLANG_WARN_ENUM_CONVERSION = YES;
				CLANG_WARN_INT_CONVERSION = YES;
				CLANG_WARN_OBJC_ROOT_CLASS = YES_ERROR;
				CLANG_WARN_UNREACHABLE_CODE = YES;
				CLANG_WARN__DUPLICATE_METHOD_MATCH = YES;
				"CODE_SIGN_IDENTITY[sdk=iphoneos*]" = "iPhone Developer";
				COPY_PHASE_STRIP = NO;
				DEBUG_INFORMATION_FORMAT = dwarf;
				ENABLE_STRICT_OBJC_MSGSEND = YES;
				ENABLE_TESTABILITY = YES;
				GCC_C_LANGUAGE_STANDARD = gnu99;
				GCC_DYNAMIC_NO_PIC = NO;
				GCC_NO_COMMON_BLOCKS = YES;
				GCC_OPTIMIZATION_LEVEL = 0;
				GCC_PREPROCESSOR_DEFINITIONS = (
					"DEBUG=1",
					"$(inherited)",
				);
				GCC_WARN_64_TO_32_BIT_CONVERSION = YES;
				GCC_WARN_ABOUT_RETURN_TYPE = YES_ERROR;
				GCC_WARN_UNDECLARED_SELECTOR = YES;
				GCC_WARN_UNINITIALIZED_AUTOS = YES_AGGRESSIVE;
				GCC_WARN_UNUSED_FUNCTION = YES;
				GCC_WARN_UNUSED_VARIABLE = YES;
				IPHONEOS_DEPLOYMENT_TARGET = 9.3;
				MTL_ENABLE_DEBUG_INFO = YES;
				ONLY_ACTIVE_ARCH = YES;
				SDKROOT = iphoneos;
				SWIFT_OPTIMIZATION_LEVEL = "-Onone";
				TARGETED_DEVICE_FAMILY = "1,2";
			};
			name = Debug;
		};
		6C82EFEB1CEE78F900C51935 /* Release */ = {
			isa = XCBuildConfiguration;
			buildSettings = {
				ALWAYS_SEARCH_USER_PATHS = NO;
				CLANG_ANALYZER_NONNULL = YES;
				CLANG_CXX_LANGUAGE_STANDARD = "gnu++0x";
				CLANG_CXX_LIBRARY = "libc++";
				CLANG_ENABLE_MODULES = YES;
				CLANG_ENABLE_OBJC_ARC = YES;
				CLANG_WARN_BOOL_CONVERSION = YES;
				CLANG_WARN_CONSTANT_CONVERSION = YES;
				CLANG_WARN_DIRECT_OBJC_ISA_USAGE = YES_ERROR;
				CLANG_WARN_EMPTY_BODY = YES;
				CLANG_WARN_ENUM_CONVERSION = YES;
				CLANG_WARN_INT_CONVERSION = YES;
				CLANG_WARN_OBJC_ROOT_CLASS = YES_ERROR;
				CLANG_WARN_UNREACHABLE_CODE = YES;
				CLANG_WARN__DUPLICATE_METHOD_MATCH = YES;
				"CODE_SIGN_IDENTITY[sdk=iphoneos*]" = "iPhone Developer";
				COPY_PHASE_STRIP = NO;
				DEBUG_INFORMATION_FORMAT = "dwarf-with-dsym";
				ENABLE_NS_ASSERTIONS = NO;
				ENABLE_STRICT_OBJC_MSGSEND = YES;
				GCC_C_LANGUAGE_STANDARD = gnu99;
				GCC_NO_COMMON_BLOCKS = YES;
				GCC_WARN_64_TO_32_BIT_CONVERSION = YES;
				GCC_WARN_ABOUT_RETURN_TYPE = YES_ERROR;
				GCC_WARN_UNDECLARED_SELECTOR = YES;
				GCC_WARN_UNINITIALIZED_AUTOS = YES_AGGRESSIVE;
				GCC_WARN_UNUSED_FUNCTION = YES;
				GCC_WARN_UNUSED_VARIABLE = YES;
				IPHONEOS_DEPLOYMENT_TARGET = 9.3;
				MTL_ENABLE_DEBUG_INFO = NO;
				SDKROOT = iphoneos;
				TARGETED_DEVICE_FAMILY = "1,2";
				VALIDATE_PRODUCT = YES;
			};
			name = Release;
		};
		6C82EFED1CEE78F900C51935 /* Debug */ = {
			isa = XCBuildConfiguration;
			buildSettings = {
				ASSETCATALOG_COMPILER_APPICON_NAME = AppIcon;
				INFOPLIST_FILE = PageViewContoller/Info.plist;
				LD_RUNPATH_SEARCH_PATHS = "$(inherited) @executable_path/Frameworks";
				PRODUCT_BUNDLE_IDENTIFIER = com.ardee19.PageViewContoller;
				PRODUCT_NAME = "$(TARGET_NAME)";
			};
			name = Debug;
		};
		6C82EFEE1CEE78F900C51935 /* Release */ = {
			isa = XCBuildConfiguration;
			buildSettings = {
				ASSETCATALOG_COMPILER_APPICON_NAME = AppIcon;
				INFOPLIST_FILE = PageViewContoller/Info.plist;
				LD_RUNPATH_SEARCH_PATHS = "$(inherited) @executable_path/Frameworks";
				PRODUCT_BUNDLE_IDENTIFIER = com.ardee19.PageViewContoller;
				PRODUCT_NAME = "$(TARGET_NAME)";
			};
			name = Release;
		};
/* End XCBuildConfiguration section */

/* Begin XCConfigurationList section */
		6C82EFD51CEE78F900C51935 /* Build configuration list for PBXProject "PageViewContoller" */ = {
			isa = XCConfigurationList;
			buildConfigurations = (
				6C82EFEA1CEE78F900C51935 /* Debug */,
				6C82EFEB1CEE78F900C51935 /* Release */,
			);
			defaultConfigurationIsVisible = 0;
			defaultConfigurationName = Release;
		};
		6C82EFEC1CEE78F900C51935 /* Build configuration list for PBXNativeTarget "PageViewContoller" */ = {
			isa = XCConfigurationList;
			buildConfigurations = (
				6C82EFED1CEE78F900C51935 /* Debug */,
				6C82EFEE1CEE78F900C51935 /* Release */,
			);
			defaultConfigurationIsVisible = 0;
			defaultConfigurationName = Release;
		};
/* End XCConfigurationList section */
	};
	rootObject = 6C82EFD21CEE78F900C51935 /* Project object */;
}
